
Microsoft Visual Studio Solution File, Format Version 12.00
# Visual Studio Version 16
VisualStudioVersion = 16.0.31702.278
MinimumVisualStudioVersion = 10.0.40219.1
Project("{FAE04EC0-301F-11D3-BF4B-00C04F79EFBC}") = "TEST CODEGRADE - GROEP B", "TEST CODEGRADE - GROEP B.csproj", "{6E0AA7D6-1BF9-4780-9188-C7874565C7BF}"
EndProject
Global
	GlobalSection(SolutionConfigurationPlatforms) = preSolution
		Debug|Any CPU = Debug|Any CPU
		Release|Any CPU = Release|Any CPU
	EndGlobalSection
	GlobalSection(ProjectConfigurationPlatforms) = postSolution
		{6E0AA7D6-1BF9-4780-9188-C7874565C7BF}.Debug|Any CPU.ActiveCfg = Debug|Any CPU
		{6E0AA7D6-1BF9-4780-9188-C7874565C7BF}.Debug|Any CPU.Build.0 = Debug|Any CPU
		{6E0AA7D6-1BF9-4780-9188-C7874565C7BF}.Release|Any CPU.ActiveCfg = Release|Any CPU
		{6E0AA7D6-1BF9-4780-9188-C7874565C7BF}.Release|Any CPU.Build.0 = Release|Any CPU
	EndGlobalSection
	GlobalSection(SolutionProperties) = preSolution
		HideSolutionNode = FALSE
	EndGlobalSection
	GlobalSection(ExtensibilityGlobals) = postSolution
		SolutionGuid = {9459383B-71FB-4944-A371-91A004B5C4A0}
	EndGlobalSection
EndGlobal
