
Microsoft Visual Studio Solution File, Format Version 12.00
# Visual Studio Version 16
VisualStudioVersion = 16.0.31702.278
MinimumVisualStudioVersion = 10.0.40219.1
Project("{FAE04EC0-301F-11D3-BF4B-00C04F79EFBC}") = "If structuren - groep A", "If structuren - groep A.csproj", "{A2ABC620-C143-4103-8ABA-1A8B4AB8F533}"
EndProject
Global
	GlobalSection(SolutionConfigurationPlatforms) = preSolution
		Debug|Any CPU = Debug|Any CPU
		Release|Any CPU = Release|Any CPU
	EndGlobalSection
	GlobalSection(ProjectConfigurationPlatforms) = postSolution
		{A2ABC620-C143-4103-8ABA-1A8B4AB8F533}.Debug|Any CPU.ActiveCfg = Debug|Any CPU
		{A2ABC620-C143-4103-8ABA-1A8B4AB8F533}.Debug|Any CPU.Build.0 = Debug|Any CPU
		{A2ABC620-C143-4103-8ABA-1A8B4AB8F533}.Release|Any CPU.ActiveCfg = Release|Any CPU
		{A2ABC620-C143-4103-8ABA-1A8B4AB8F533}.Release|Any CPU.Build.0 = Release|Any CPU
	EndGlobalSection
	GlobalSection(SolutionProperties) = preSolution
		HideSolutionNode = FALSE
	EndGlobalSection
	GlobalSection(ExtensibilityGlobals) = postSolution
		SolutionGuid = {13733C83-01C8-4ED2-B23A-24CD5551C18D}
	EndGlobalSection
EndGlobal
