
Microsoft Visual Studio Solution File, Format Version 12.00
# Visual Studio Version 17
VisualStudioVersion = 17.3.32825.248
MinimumVisualStudioVersion = 10.0.40219.1
Project("{FAE04EC0-301F-11D3-BF4B-00C04F79EFBC}") = "Herhaling - IMS", "Herhaling - IMS.csproj", "{8C9A59ED-EE41-4FB1-8489-7C7B98E744E3}"
EndProject
Global
	GlobalSection(SolutionConfigurationPlatforms) = preSolution
		Debug|Any CPU = Debug|Any CPU
		Release|Any CPU = Release|Any CPU
	EndGlobalSection
	GlobalSection(ProjectConfigurationPlatforms) = postSolution
		{8C9A59ED-EE41-4FB1-8489-7C7B98E744E3}.Debug|Any CPU.ActiveCfg = Debug|Any CPU
		{8C9A59ED-EE41-4FB1-8489-7C7B98E744E3}.Debug|Any CPU.Build.0 = Debug|Any CPU
		{8C9A59ED-EE41-4FB1-8489-7C7B98E744E3}.Release|Any CPU.ActiveCfg = Release|Any CPU
		{8C9A59ED-EE41-4FB1-8489-7C7B98E744E3}.Release|Any CPU.Build.0 = Release|Any CPU
	EndGlobalSection
	GlobalSection(SolutionProperties) = preSolution
		HideSolutionNode = FALSE
	EndGlobalSection
	GlobalSection(ExtensibilityGlobals) = postSolution
		SolutionGuid = {50CE627E-1CCA-4B09-B2AA-D2B4D013ED7F}
	EndGlobalSection
EndGlobal
