
Microsoft Visual Studio Solution File, Format Version 12.00
# Visual Studio Version 16
VisualStudioVersion = 16.0.30330.147
MinimumVisualStudioVersion = 10.0.40219.1
Project("{FAE04EC0-301F-11D3-BF4B-00C04F79EFBC}") = "Whileloops", "Whileloops.csproj", "{D22C2791-510C-4D61-ADD7-DD3338A22951}"
EndProject
Global
	GlobalSection(SolutionConfigurationPlatforms) = preSolution
		Debug|Any CPU = Debug|Any CPU
		Release|Any CPU = Release|Any CPU
	EndGlobalSection
	GlobalSection(ProjectConfigurationPlatforms) = postSolution
		{D22C2791-510C-4D61-ADD7-DD3338A22951}.Debug|Any CPU.ActiveCfg = Debug|Any CPU
		{D22C2791-510C-4D61-ADD7-DD3338A22951}.Debug|Any CPU.Build.0 = Debug|Any CPU
		{D22C2791-510C-4D61-ADD7-DD3338A22951}.Release|Any CPU.ActiveCfg = Release|Any CPU
		{D22C2791-510C-4D61-ADD7-DD3338A22951}.Release|Any CPU.Build.0 = Release|Any CPU
	EndGlobalSection
	GlobalSection(SolutionProperties) = preSolution
		HideSolutionNode = FALSE
	EndGlobalSection
	GlobalSection(ExtensibilityGlobals) = postSolution
		SolutionGuid = {DE3F572D-BB19-47A7-B18D-028928E21994}
	EndGlobalSection
EndGlobal
