
Microsoft Visual Studio Solution File, Format Version 12.00
# Visual Studio Version 17
VisualStudioVersion = 17.3.32825.248
MinimumVisualStudioVersion = 10.0.40219.1
Project("{FAE04EC0-301F-11D3-BF4B-00C04F79EFBC}") = "FIZZBUZZ - IMS", "FIZZBUZZ - IMS.csproj", "{F5A8D524-E57C-4987-BB6C-E48494CADB88}"
EndProject
Global
	GlobalSection(SolutionConfigurationPlatforms) = preSolution
		Debug|Any CPU = Debug|Any CPU
		Release|Any CPU = Release|Any CPU
	EndGlobalSection
	GlobalSection(ProjectConfigurationPlatforms) = postSolution
		{F5A8D524-E57C-4987-BB6C-E48494CADB88}.Debug|Any CPU.ActiveCfg = Debug|Any CPU
		{F5A8D524-E57C-4987-BB6C-E48494CADB88}.Debug|Any CPU.Build.0 = Debug|Any CPU
		{F5A8D524-E57C-4987-BB6C-E48494CADB88}.Release|Any CPU.ActiveCfg = Release|Any CPU
		{F5A8D524-E57C-4987-BB6C-E48494CADB88}.Release|Any CPU.Build.0 = Release|Any CPU
	EndGlobalSection
	GlobalSection(SolutionProperties) = preSolution
		HideSolutionNode = FALSE
	EndGlobalSection
	GlobalSection(ExtensibilityGlobals) = postSolution
		SolutionGuid = {70A61D7E-DA05-4C3C-BC1E-6E9CDB5E65BF}
	EndGlobalSection
EndGlobal
