
Microsoft Visual Studio Solution File, Format Version 12.00
# Visual Studio Version 17
VisualStudioVersion = 17.3.32825.248
MinimumVisualStudioVersion = 10.0.40219.1
Project("{FAE04EC0-301F-11D3-BF4B-00C04F79EFBC}") = "DSPs - Word nest", "DSPs - Word nest.csproj", "{F8695D5F-3952-4350-AC02-B284933C2FF8}"
EndProject
Global
	GlobalSection(SolutionConfigurationPlatforms) = preSolution
		Debug|Any CPU = Debug|Any CPU
		Release|Any CPU = Release|Any CPU
	EndGlobalSection
	GlobalSection(ProjectConfigurationPlatforms) = postSolution
		{F8695D5F-3952-4350-AC02-B284933C2FF8}.Debug|Any CPU.ActiveCfg = Debug|Any CPU
		{F8695D5F-3952-4350-AC02-B284933C2FF8}.Debug|Any CPU.Build.0 = Debug|Any CPU
		{F8695D5F-3952-4350-AC02-B284933C2FF8}.Release|Any CPU.ActiveCfg = Release|Any CPU
		{F8695D5F-3952-4350-AC02-B284933C2FF8}.Release|Any CPU.Build.0 = Release|Any CPU
	EndGlobalSection
	GlobalSection(SolutionProperties) = preSolution
		HideSolutionNode = FALSE
	EndGlobalSection
	GlobalSection(ExtensibilityGlobals) = postSolution
		SolutionGuid = {802EF29F-9616-4595-B4D0-FA24C949C1B5}
	EndGlobalSection
EndGlobal
