
Microsoft Visual Studio Solution File, Format Version 12.00
# Visual Studio Version 16
VisualStudioVersion = 16.0.30621.155
MinimumVisualStudioVersion = 10.0.40219.1
Project("{FAE04EC0-301F-11D3-BF4B-00C04F79EFBC}") = "Feedback 07-12-2020", "Feedback 07-12-2020.csproj", "{FDCD9E51-5458-4282-B7A4-2F24A9BA4CC9}"
EndProject
Global
	GlobalSection(SolutionConfigurationPlatforms) = preSolution
		Debug|Any CPU = Debug|Any CPU
		Release|Any CPU = Release|Any CPU
	EndGlobalSection
	GlobalSection(ProjectConfigurationPlatforms) = postSolution
		{FDCD9E51-5458-4282-B7A4-2F24A9BA4CC9}.Debug|Any CPU.ActiveCfg = Debug|Any CPU
		{FDCD9E51-5458-4282-B7A4-2F24A9BA4CC9}.Debug|Any CPU.Build.0 = Debug|Any CPU
		{FDCD9E51-5458-4282-B7A4-2F24A9BA4CC9}.Release|Any CPU.ActiveCfg = Release|Any CPU
		{FDCD9E51-5458-4282-B7A4-2F24A9BA4CC9}.Release|Any CPU.Build.0 = Release|Any CPU
	EndGlobalSection
	GlobalSection(SolutionProperties) = preSolution
		HideSolutionNode = FALSE
	EndGlobalSection
	GlobalSection(ExtensibilityGlobals) = postSolution
		SolutionGuid = {0307BA5C-CB54-4ADE-A83B-C365CF30BBB3}
	EndGlobalSection
EndGlobal
