
Microsoft Visual Studio Solution File, Format Version 12.00
# Visual Studio Version 16
VisualStudioVersion = 16.0.30330.147
MinimumVisualStudioVersion = 10.0.40219.1
Project("{FAE04EC0-301F-11D3-BF4B-00C04F79EFBC}") = "02 Test CodeGrade", "02 Test CodeGrade.csproj", "{12B5FFD1-DD2F-4316-99CE-5178DAE793F1}"
EndProject
Global
	GlobalSection(SolutionConfigurationPlatforms) = preSolution
		Debug|Any CPU = Debug|Any CPU
		Release|Any CPU = Release|Any CPU
	EndGlobalSection
	GlobalSection(ProjectConfigurationPlatforms) = postSolution
		{12B5FFD1-DD2F-4316-99CE-5178DAE793F1}.Debug|Any CPU.ActiveCfg = Debug|Any CPU
		{12B5FFD1-DD2F-4316-99CE-5178DAE793F1}.Debug|Any CPU.Build.0 = Debug|Any CPU
		{12B5FFD1-DD2F-4316-99CE-5178DAE793F1}.Release|Any CPU.ActiveCfg = Release|Any CPU
		{12B5FFD1-DD2F-4316-99CE-5178DAE793F1}.Release|Any CPU.Build.0 = Release|Any CPU
	EndGlobalSection
	GlobalSection(SolutionProperties) = preSolution
		HideSolutionNode = FALSE
	EndGlobalSection
	GlobalSection(ExtensibilityGlobals) = postSolution
		SolutionGuid = {A29A7F36-5E83-4E3B-AD99-77DE9589BAC6}
	EndGlobalSection
EndGlobal
