
Microsoft Visual Studio Solution File, Format Version 12.00
# Visual Studio Version 16
VisualStudioVersion = 16.0.30621.155
MinimumVisualStudioVersion = 10.0.40219.1
Project("{FAE04EC0-301F-11D3-BF4B-00C04F79EFBC}") = "Methods-DSPS", "Methods-DSPS.csproj", "{8428F98E-0EDB-456A-86C6-995C47B7FF58}"
EndProject
Global
	GlobalSection(SolutionConfigurationPlatforms) = preSolution
		Debug|Any CPU = Debug|Any CPU
		Release|Any CPU = Release|Any CPU
	EndGlobalSection
	GlobalSection(ProjectConfigurationPlatforms) = postSolution
		{8428F98E-0EDB-456A-86C6-995C47B7FF58}.Debug|Any CPU.ActiveCfg = Debug|Any CPU
		{8428F98E-0EDB-456A-86C6-995C47B7FF58}.Debug|Any CPU.Build.0 = Debug|Any CPU
		{8428F98E-0EDB-456A-86C6-995C47B7FF58}.Release|Any CPU.ActiveCfg = Release|Any CPU
		{8428F98E-0EDB-456A-86C6-995C47B7FF58}.Release|Any CPU.Build.0 = Release|Any CPU
	EndGlobalSection
	GlobalSection(SolutionProperties) = preSolution
		HideSolutionNode = FALSE
	EndGlobalSection
	GlobalSection(ExtensibilityGlobals) = postSolution
		SolutionGuid = {959DBC60-A997-411A-B62D-1882869DC8F2}
	EndGlobalSection
EndGlobal
