
Microsoft Visual Studio Solution File, Format Version 12.00
# Visual Studio Version 16
VisualStudioVersion = 16.0.31702.278
MinimumVisualStudioVersion = 10.0.40219.1
Project("{FAE04EC0-301F-11D3-BF4B-00C04F79EFBC}") = "JAGGED ARRAY - GROEP A", "JAGGED ARRAY - GROEP A.csproj", "{D8ABAEC9-886B-468A-B943-E054FA7E0770}"
EndProject
Global
	GlobalSection(SolutionConfigurationPlatforms) = preSolution
		Debug|Any CPU = Debug|Any CPU
		Release|Any CPU = Release|Any CPU
	EndGlobalSection
	GlobalSection(ProjectConfigurationPlatforms) = postSolution
		{D8ABAEC9-886B-468A-B943-E054FA7E0770}.Debug|Any CPU.ActiveCfg = Debug|Any CPU
		{D8ABAEC9-886B-468A-B943-E054FA7E0770}.Debug|Any CPU.Build.0 = Debug|Any CPU
		{D8ABAEC9-886B-468A-B943-E054FA7E0770}.Release|Any CPU.ActiveCfg = Release|Any CPU
		{D8ABAEC9-886B-468A-B943-E054FA7E0770}.Release|Any CPU.Build.0 = Release|Any CPU
	EndGlobalSection
	GlobalSection(SolutionProperties) = preSolution
		HideSolutionNode = FALSE
	EndGlobalSection
	GlobalSection(ExtensibilityGlobals) = postSolution
		SolutionGuid = {8D154F3C-E74C-409F-83FC-AA32B75CA82A}
	EndGlobalSection
EndGlobal
