
Microsoft Visual Studio Solution File, Format Version 12.00
# Visual Studio Version 16
VisualStudioVersion = 16.0.31702.278
MinimumVisualStudioVersion = 10.0.40219.1
Project("{FAE04EC0-301F-11D3-BF4B-00C04F79EFBC}") = "EXCEPTIONS - GROEP B", "EXCEPTIONS - GROEP B.csproj", "{1AA86B6C-24F9-4B1F-9CC0-D21100B67902}"
EndProject
Global
	GlobalSection(SolutionConfigurationPlatforms) = preSolution
		Debug|Any CPU = Debug|Any CPU
		Release|Any CPU = Release|Any CPU
	EndGlobalSection
	GlobalSection(ProjectConfigurationPlatforms) = postSolution
		{1AA86B6C-24F9-4B1F-9CC0-D21100B67902}.Debug|Any CPU.ActiveCfg = Debug|Any CPU
		{1AA86B6C-24F9-4B1F-9CC0-D21100B67902}.Debug|Any CPU.Build.0 = Debug|Any CPU
		{1AA86B6C-24F9-4B1F-9CC0-D21100B67902}.Release|Any CPU.ActiveCfg = Release|Any CPU
		{1AA86B6C-24F9-4B1F-9CC0-D21100B67902}.Release|Any CPU.Build.0 = Release|Any CPU
	EndGlobalSection
	GlobalSection(SolutionProperties) = preSolution
		HideSolutionNode = FALSE
	EndGlobalSection
	GlobalSection(ExtensibilityGlobals) = postSolution
		SolutionGuid = {4DCB79B5-BF15-4867-B7C3-32487C8D2375}
	EndGlobalSection
EndGlobal
