
Microsoft Visual Studio Solution File, Format Version 12.00
# Visual Studio Version 16
VisualStudioVersion = 16.0.31702.278
MinimumVisualStudioVersion = 10.0.40219.1
Project("{FAE04EC0-301F-11D3-BF4B-00C04F79EFBC}") = "02 Test CodeGrade", "02 Test CodeGrade.csproj", "{EE7BF0B8-0D04-40BC-B678-04F67EF8CDA7}"
EndProject
Global
	GlobalSection(SolutionConfigurationPlatforms) = preSolution
		Debug|Any CPU = Debug|Any CPU
		Release|Any CPU = Release|Any CPU
	EndGlobalSection
	GlobalSection(ProjectConfigurationPlatforms) = postSolution
		{EE7BF0B8-0D04-40BC-B678-04F67EF8CDA7}.Debug|Any CPU.ActiveCfg = Debug|Any CPU
		{EE7BF0B8-0D04-40BC-B678-04F67EF8CDA7}.Debug|Any CPU.Build.0 = Debug|Any CPU
		{EE7BF0B8-0D04-40BC-B678-04F67EF8CDA7}.Release|Any CPU.ActiveCfg = Release|Any CPU
		{EE7BF0B8-0D04-40BC-B678-04F67EF8CDA7}.Release|Any CPU.Build.0 = Release|Any CPU
	EndGlobalSection
	GlobalSection(SolutionProperties) = preSolution
		HideSolutionNode = FALSE
	EndGlobalSection
	GlobalSection(ExtensibilityGlobals) = postSolution
		SolutionGuid = {2376C9EE-4361-4DFF-A407-C92729516B55}
	EndGlobalSection
EndGlobal
