
Microsoft Visual Studio Solution File, Format Version 12.00
# Visual Studio Version 16
VisualStudioVersion = 16.0.31702.278
MinimumVisualStudioVersion = 10.0.40219.1
Project("{FAE04EC0-301F-11D3-BF4B-00C04F79EFBC}") = "DICTIONARY - GROEP A", "DICTIONARY - GROEP A.csproj", "{D33C763F-0848-4967-BFA4-E1C220FE3157}"
EndProject
Global
	GlobalSection(SolutionConfigurationPlatforms) = preSolution
		Debug|Any CPU = Debug|Any CPU
		Release|Any CPU = Release|Any CPU
	EndGlobalSection
	GlobalSection(ProjectConfigurationPlatforms) = postSolution
		{D33C763F-0848-4967-BFA4-E1C220FE3157}.Debug|Any CPU.ActiveCfg = Debug|Any CPU
		{D33C763F-0848-4967-BFA4-E1C220FE3157}.Debug|Any CPU.Build.0 = Debug|Any CPU
		{D33C763F-0848-4967-BFA4-E1C220FE3157}.Release|Any CPU.ActiveCfg = Release|Any CPU
		{D33C763F-0848-4967-BFA4-E1C220FE3157}.Release|Any CPU.Build.0 = Release|Any CPU
	EndGlobalSection
	GlobalSection(SolutionProperties) = preSolution
		HideSolutionNode = FALSE
	EndGlobalSection
	GlobalSection(ExtensibilityGlobals) = postSolution
		SolutionGuid = {CD3EDB04-3896-416D-B8D9-12E7F4022786}
	EndGlobalSection
EndGlobal
