
Microsoft Visual Studio Solution File, Format Version 12.00
# Visual Studio Version 16
VisualStudioVersion = 16.0.31702.278
MinimumVisualStudioVersion = 10.0.40219.1
Project("{FAE04EC0-301F-11D3-BF4B-00C04F79EFBC}") = "1D ARRAYS - GROEP A", "1D ARRAYS - GROEP A.csproj", "{45C742B7-2305-4928-9A1A-9FBA9EB2E111}"
EndProject
Global
	GlobalSection(SolutionConfigurationPlatforms) = preSolution
		Debug|Any CPU = Debug|Any CPU
		Release|Any CPU = Release|Any CPU
	EndGlobalSection
	GlobalSection(ProjectConfigurationPlatforms) = postSolution
		{45C742B7-2305-4928-9A1A-9FBA9EB2E111}.Debug|Any CPU.ActiveCfg = Debug|Any CPU
		{45C742B7-2305-4928-9A1A-9FBA9EB2E111}.Debug|Any CPU.Build.0 = Debug|Any CPU
		{45C742B7-2305-4928-9A1A-9FBA9EB2E111}.Release|Any CPU.ActiveCfg = Release|Any CPU
		{45C742B7-2305-4928-9A1A-9FBA9EB2E111}.Release|Any CPU.Build.0 = Release|Any CPU
	EndGlobalSection
	GlobalSection(SolutionProperties) = preSolution
		HideSolutionNode = FALSE
	EndGlobalSection
	GlobalSection(ExtensibilityGlobals) = postSolution
		SolutionGuid = {A6ABE4CD-7EA8-4894-9188-C318D2D5E653}
	EndGlobalSection
EndGlobal
