
Microsoft Visual Studio Solution File, Format Version 12.00
# Visual Studio Version 17
VisualStudioVersion = 17.3.32825.248
MinimumVisualStudioVersion = 10.0.40219.1
Project("{FAE04EC0-301F-11D3-BF4B-00C04F79EFBC}") = "FIZZBUZZ - DSPS", "FIZZBUZZ - DSPS.csproj", "{86E31A1C-2753-4F3A-B676-3B307589CA82}"
EndProject
Global
	GlobalSection(SolutionConfigurationPlatforms) = preSolution
		Debug|Any CPU = Debug|Any CPU
		Release|Any CPU = Release|Any CPU
	EndGlobalSection
	GlobalSection(ProjectConfigurationPlatforms) = postSolution
		{86E31A1C-2753-4F3A-B676-3B307589CA82}.Debug|Any CPU.ActiveCfg = Debug|Any CPU
		{86E31A1C-2753-4F3A-B676-3B307589CA82}.Debug|Any CPU.Build.0 = Debug|Any CPU
		{86E31A1C-2753-4F3A-B676-3B307589CA82}.Release|Any CPU.ActiveCfg = Release|Any CPU
		{86E31A1C-2753-4F3A-B676-3B307589CA82}.Release|Any CPU.Build.0 = Release|Any CPU
	EndGlobalSection
	GlobalSection(SolutionProperties) = preSolution
		HideSolutionNode = FALSE
	EndGlobalSection
	GlobalSection(ExtensibilityGlobals) = postSolution
		SolutionGuid = {CF8A2DC3-CEF9-4ED1-95F2-357D31201275}
	EndGlobalSection
EndGlobal
