
Microsoft Visual Studio Solution File, Format Version 12.00
# Visual Studio Version 16
VisualStudioVersion = 16.0.31702.278
MinimumVisualStudioVersion = 10.0.40219.1
Project("{FAE04EC0-301F-11D3-BF4B-00C04F79EFBC}") = "BLAD STEEN SCHAAR - GROEP A", "BLAD STEEN SCHAAR - GROEP A.csproj", "{0744E188-0A51-4AE0-9129-DCB577C7861C}"
EndProject
Global
	GlobalSection(SolutionConfigurationPlatforms) = preSolution
		Debug|Any CPU = Debug|Any CPU
		Release|Any CPU = Release|Any CPU
	EndGlobalSection
	GlobalSection(ProjectConfigurationPlatforms) = postSolution
		{0744E188-0A51-4AE0-9129-DCB577C7861C}.Debug|Any CPU.ActiveCfg = Debug|Any CPU
		{0744E188-0A51-4AE0-9129-DCB577C7861C}.Debug|Any CPU.Build.0 = Debug|Any CPU
		{0744E188-0A51-4AE0-9129-DCB577C7861C}.Release|Any CPU.ActiveCfg = Release|Any CPU
		{0744E188-0A51-4AE0-9129-DCB577C7861C}.Release|Any CPU.Build.0 = Release|Any CPU
	EndGlobalSection
	GlobalSection(SolutionProperties) = preSolution
		HideSolutionNode = FALSE
	EndGlobalSection
	GlobalSection(ExtensibilityGlobals) = postSolution
		SolutionGuid = {E6C349C5-FC41-4B40-94AD-A93B38179A1C}
	EndGlobalSection
EndGlobal
