
Microsoft Visual Studio Solution File, Format Version 12.00
# Visual Studio Version 16
VisualStudioVersion = 16.0.31702.278
MinimumVisualStudioVersion = 10.0.40219.1
Project("{FAE04EC0-301F-11D3-BF4B-00C04F79EFBC}") = "07 Test CodeGrade", "07 Test CodeGrade.csproj", "{B9D4C128-2857-497B-A12A-73FAF92E878C}"
EndProject
Global
	GlobalSection(SolutionConfigurationPlatforms) = preSolution
		Debug|Any CPU = Debug|Any CPU
		Release|Any CPU = Release|Any CPU
	EndGlobalSection
	GlobalSection(ProjectConfigurationPlatforms) = postSolution
		{B9D4C128-2857-497B-A12A-73FAF92E878C}.Debug|Any CPU.ActiveCfg = Debug|Any CPU
		{B9D4C128-2857-497B-A12A-73FAF92E878C}.Debug|Any CPU.Build.0 = Debug|Any CPU
		{B9D4C128-2857-497B-A12A-73FAF92E878C}.Release|Any CPU.ActiveCfg = Release|Any CPU
		{B9D4C128-2857-497B-A12A-73FAF92E878C}.Release|Any CPU.Build.0 = Release|Any CPU
	EndGlobalSection
	GlobalSection(SolutionProperties) = preSolution
		HideSolutionNode = FALSE
	EndGlobalSection
	GlobalSection(ExtensibilityGlobals) = postSolution
		SolutionGuid = {23B86D9F-AF6D-4779-AF7A-268391937F0A}
	EndGlobalSection
EndGlobal
