
Microsoft Visual Studio Solution File, Format Version 12.00
# Visual Studio Version 16
VisualStudioVersion = 16.0.31702.278
MinimumVisualStudioVersion = 10.0.40219.1
Project("{FAE04EC0-301F-11D3-BF4B-00C04F79EFBC}") = "OUTPUT - GROEP B", "OUTPUT - GROEP B.csproj", "{FBF4B376-66D0-4C87-AA89-CB7A49230051}"
EndProject
Global
	GlobalSection(SolutionConfigurationPlatforms) = preSolution
		Debug|Any CPU = Debug|Any CPU
		Release|Any CPU = Release|Any CPU
	EndGlobalSection
	GlobalSection(ProjectConfigurationPlatforms) = postSolution
		{FBF4B376-66D0-4C87-AA89-CB7A49230051}.Debug|Any CPU.ActiveCfg = Debug|Any CPU
		{FBF4B376-66D0-4C87-AA89-CB7A49230051}.Debug|Any CPU.Build.0 = Debug|Any CPU
		{FBF4B376-66D0-4C87-AA89-CB7A49230051}.Release|Any CPU.ActiveCfg = Release|Any CPU
		{FBF4B376-66D0-4C87-AA89-CB7A49230051}.Release|Any CPU.Build.0 = Release|Any CPU
	EndGlobalSection
	GlobalSection(SolutionProperties) = preSolution
		HideSolutionNode = FALSE
	EndGlobalSection
	GlobalSection(ExtensibilityGlobals) = postSolution
		SolutionGuid = {C013389F-CAC3-4D03-B7F7-49A956EB4297}
	EndGlobalSection
EndGlobal
