
Microsoft Visual Studio Solution File, Format Version 12.00
# Visual Studio Version 16
VisualStudioVersion = 16.0.29509.3
MinimumVisualStudioVersion = 10.0.40219.1
Project("{FAE04EC0-301F-11D3-BF4B-00C04F79EFBC}") = "Arrays-DSPS", "Arrays-DSPS.csproj", "{BA9068BC-022D-4C70-A62F-76E62FF64C85}"
EndProject
Global
	GlobalSection(SolutionConfigurationPlatforms) = preSolution
		Debug|Any CPU = Debug|Any CPU
		Release|Any CPU = Release|Any CPU
	EndGlobalSection
	GlobalSection(ProjectConfigurationPlatforms) = postSolution
		{BA9068BC-022D-4C70-A62F-76E62FF64C85}.Debug|Any CPU.ActiveCfg = Debug|Any CPU
		{BA9068BC-022D-4C70-A62F-76E62FF64C85}.Debug|Any CPU.Build.0 = Debug|Any CPU
		{BA9068BC-022D-4C70-A62F-76E62FF64C85}.Release|Any CPU.ActiveCfg = Release|Any CPU
		{BA9068BC-022D-4C70-A62F-76E62FF64C85}.Release|Any CPU.Build.0 = Release|Any CPU
	EndGlobalSection
	GlobalSection(SolutionProperties) = preSolution
		HideSolutionNode = FALSE
	EndGlobalSection
	GlobalSection(ExtensibilityGlobals) = postSolution
		SolutionGuid = {D2EBEF32-494B-44DE-9052-A0A4CCAF669A}
	EndGlobalSection
EndGlobal
