
Microsoft Visual Studio Solution File, Format Version 12.00
# Visual Studio Version 16
VisualStudioVersion = 16.0.31702.278
MinimumVisualStudioVersion = 10.0.40219.1
Project("{FAE04EC0-301F-11D3-BF4B-00C04F79EFBC}") = "PERSON - GROEP B", "PERSON - GROEP B.csproj", "{BD633103-C683-4772-8B67-8B58F55DEA25}"
EndProject
Global
	GlobalSection(SolutionConfigurationPlatforms) = preSolution
		Debug|Any CPU = Debug|Any CPU
		Release|Any CPU = Release|Any CPU
	EndGlobalSection
	GlobalSection(ProjectConfigurationPlatforms) = postSolution
		{BD633103-C683-4772-8B67-8B58F55DEA25}.Debug|Any CPU.ActiveCfg = Debug|Any CPU
		{BD633103-C683-4772-8B67-8B58F55DEA25}.Debug|Any CPU.Build.0 = Debug|Any CPU
		{BD633103-C683-4772-8B67-8B58F55DEA25}.Release|Any CPU.ActiveCfg = Release|Any CPU
		{BD633103-C683-4772-8B67-8B58F55DEA25}.Release|Any CPU.Build.0 = Release|Any CPU
	EndGlobalSection
	GlobalSection(SolutionProperties) = preSolution
		HideSolutionNode = FALSE
	EndGlobalSection
	GlobalSection(ExtensibilityGlobals) = postSolution
		SolutionGuid = {AE999AB2-8893-4B7E-9333-B751C4DA8047}
	EndGlobalSection
EndGlobal
