
Microsoft Visual Studio Solution File, Format Version 12.00
# Visual Studio Version 17
VisualStudioVersion = 17.3.32825.248
MinimumVisualStudioVersion = 10.0.40219.1
Project("{FAE04EC0-301F-11D3-BF4B-00C04F79EFBC}") = "01 Uppercase (test codegrade)", "01 Uppercase (test codegrade).csproj", "{8E05935D-FB91-4E97-8C10-D33DB2DE85DA}"
EndProject
Global
	GlobalSection(SolutionConfigurationPlatforms) = preSolution
		Debug|Any CPU = Debug|Any CPU
		Release|Any CPU = Release|Any CPU
	EndGlobalSection
	GlobalSection(ProjectConfigurationPlatforms) = postSolution
		{8E05935D-FB91-4E97-8C10-D33DB2DE85DA}.Debug|Any CPU.ActiveCfg = Debug|Any CPU
		{8E05935D-FB91-4E97-8C10-D33DB2DE85DA}.Debug|Any CPU.Build.0 = Debug|Any CPU
		{8E05935D-FB91-4E97-8C10-D33DB2DE85DA}.Release|Any CPU.ActiveCfg = Release|Any CPU
		{8E05935D-FB91-4E97-8C10-D33DB2DE85DA}.Release|Any CPU.Build.0 = Release|Any CPU
	EndGlobalSection
	GlobalSection(SolutionProperties) = preSolution
		HideSolutionNode = FALSE
	EndGlobalSection
	GlobalSection(ExtensibilityGlobals) = postSolution
		SolutionGuid = {523428B4-E914-4A27-9233-0D24DB392349}
	EndGlobalSection
EndGlobal
