
Microsoft Visual Studio Solution File, Format Version 12.00
# Visual Studio Version 17
VisualStudioVersion = 17.3.32825.248
MinimumVisualStudioVersion = 10.0.40219.1
Project("{FAE04EC0-301F-11D3-BF4B-00C04F79EFBC}") = "DSPS - DONKEY", "DSPS - DONKEY.csproj", "{3FE79E54-C156-4449-907A-01B6561B1B3A}"
EndProject
Global
	GlobalSection(SolutionConfigurationPlatforms) = preSolution
		Debug|Any CPU = Debug|Any CPU
		Release|Any CPU = Release|Any CPU
	EndGlobalSection
	GlobalSection(ProjectConfigurationPlatforms) = postSolution
		{3FE79E54-C156-4449-907A-01B6561B1B3A}.Debug|Any CPU.ActiveCfg = Debug|Any CPU
		{3FE79E54-C156-4449-907A-01B6561B1B3A}.Debug|Any CPU.Build.0 = Debug|Any CPU
		{3FE79E54-C156-4449-907A-01B6561B1B3A}.Release|Any CPU.ActiveCfg = Release|Any CPU
		{3FE79E54-C156-4449-907A-01B6561B1B3A}.Release|Any CPU.Build.0 = Release|Any CPU
	EndGlobalSection
	GlobalSection(SolutionProperties) = preSolution
		HideSolutionNode = FALSE
	EndGlobalSection
	GlobalSection(ExtensibilityGlobals) = postSolution
		SolutionGuid = {8D47D360-0F05-4298-9964-BFC40CAE8323}
	EndGlobalSection
EndGlobal
