
Microsoft Visual Studio Solution File, Format Version 12.00
# Visual Studio Version 17
VisualStudioVersion = 17.3.32825.248
MinimumVisualStudioVersion = 10.0.40219.1
Project("{FAE04EC0-301F-11D3-BF4B-00C04F79EFBC}") = "DONKEY - IMS", "DONKEY - IMS.csproj", "{4AE80AA4-7379-4671-9D31-D5484AB8FAAE}"
EndProject
Global
	GlobalSection(SolutionConfigurationPlatforms) = preSolution
		Debug|Any CPU = Debug|Any CPU
		Release|Any CPU = Release|Any CPU
	EndGlobalSection
	GlobalSection(ProjectConfigurationPlatforms) = postSolution
		{4AE80AA4-7379-4671-9D31-D5484AB8FAAE}.Debug|Any CPU.ActiveCfg = Debug|Any CPU
		{4AE80AA4-7379-4671-9D31-D5484AB8FAAE}.Debug|Any CPU.Build.0 = Debug|Any CPU
		{4AE80AA4-7379-4671-9D31-D5484AB8FAAE}.Release|Any CPU.ActiveCfg = Release|Any CPU
		{4AE80AA4-7379-4671-9D31-D5484AB8FAAE}.Release|Any CPU.Build.0 = Release|Any CPU
	EndGlobalSection
	GlobalSection(SolutionProperties) = preSolution
		HideSolutionNode = FALSE
	EndGlobalSection
	GlobalSection(ExtensibilityGlobals) = postSolution
		SolutionGuid = {7FD17911-61B7-4B41-B28C-A5F52D5590AF}
	EndGlobalSection
EndGlobal
