
Microsoft Visual Studio Solution File, Format Version 12.00
# Visual Studio Version 16
VisualStudioVersion = 16.0.31702.278
MinimumVisualStudioVersion = 10.0.40219.1
Project("{FAE04EC0-301F-11D3-BF4B-00C04F79EFBC}") = "Switch structuur - groep A", "Switch structuur - groep A.csproj", "{A971CFA4-E76D-4CA4-948F-B610F09F6EF2}"
EndProject
Global
	GlobalSection(SolutionConfigurationPlatforms) = preSolution
		Debug|Any CPU = Debug|Any CPU
		Release|Any CPU = Release|Any CPU
	EndGlobalSection
	GlobalSection(ProjectConfigurationPlatforms) = postSolution
		{A971CFA4-E76D-4CA4-948F-B610F09F6EF2}.Debug|Any CPU.ActiveCfg = Debug|Any CPU
		{A971CFA4-E76D-4CA4-948F-B610F09F6EF2}.Debug|Any CPU.Build.0 = Debug|Any CPU
		{A971CFA4-E76D-4CA4-948F-B610F09F6EF2}.Release|Any CPU.ActiveCfg = Release|Any CPU
		{A971CFA4-E76D-4CA4-948F-B610F09F6EF2}.Release|Any CPU.Build.0 = Release|Any CPU
	EndGlobalSection
	GlobalSection(SolutionProperties) = preSolution
		HideSolutionNode = FALSE
	EndGlobalSection
	GlobalSection(ExtensibilityGlobals) = postSolution
		SolutionGuid = {FAF1D44D-4C42-4400-B843-9E4E52D66EEE}
	EndGlobalSection
EndGlobal
