
Microsoft Visual Studio Solution File, Format Version 12.00
# Visual Studio Version 16
VisualStudioVersion = 16.0.31702.278
MinimumVisualStudioVersion = 10.0.40219.1
Project("{FAE04EC0-301F-11D3-BF4B-00C04F79EFBC}") = "To-do - GROEP B", "To-do - GROEP B.csproj", "{F896BC68-4190-477E-A218-6EA49DDBE3AB}"
EndProject
Global
	GlobalSection(SolutionConfigurationPlatforms) = preSolution
		Debug|Any CPU = Debug|Any CPU
		Release|Any CPU = Release|Any CPU
	EndGlobalSection
	GlobalSection(ProjectConfigurationPlatforms) = postSolution
		{F896BC68-4190-477E-A218-6EA49DDBE3AB}.Debug|Any CPU.ActiveCfg = Debug|Any CPU
		{F896BC68-4190-477E-A218-6EA49DDBE3AB}.Debug|Any CPU.Build.0 = Debug|Any CPU
		{F896BC68-4190-477E-A218-6EA49DDBE3AB}.Release|Any CPU.ActiveCfg = Release|Any CPU
		{F896BC68-4190-477E-A218-6EA49DDBE3AB}.Release|Any CPU.Build.0 = Release|Any CPU
	EndGlobalSection
	GlobalSection(SolutionProperties) = preSolution
		HideSolutionNode = FALSE
	EndGlobalSection
	GlobalSection(ExtensibilityGlobals) = postSolution
		SolutionGuid = {5EAFF9E3-BCA4-4792-B7F4-E7E74CFB168C}
	EndGlobalSection
EndGlobal
