
Microsoft Visual Studio Solution File, Format Version 12.00
# Visual Studio Version 17
VisualStudioVersion = 17.3.32825.248
MinimumVisualStudioVersion = 10.0.40219.1
Project("{FAE04EC0-301F-11D3-BF4B-00C04F79EFBC}") = "RAPPORT - IMS", "RAPPORT - IMS.csproj", "{F9FA6047-9560-47CA-B5B7-E15D63834F10}"
EndProject
Global
	GlobalSection(SolutionConfigurationPlatforms) = preSolution
		Debug|Any CPU = Debug|Any CPU
		Release|Any CPU = Release|Any CPU
	EndGlobalSection
	GlobalSection(ProjectConfigurationPlatforms) = postSolution
		{F9FA6047-9560-47CA-B5B7-E15D63834F10}.Debug|Any CPU.ActiveCfg = Debug|Any CPU
		{F9FA6047-9560-47CA-B5B7-E15D63834F10}.Debug|Any CPU.Build.0 = Debug|Any CPU
		{F9FA6047-9560-47CA-B5B7-E15D63834F10}.Release|Any CPU.ActiveCfg = Release|Any CPU
		{F9FA6047-9560-47CA-B5B7-E15D63834F10}.Release|Any CPU.Build.0 = Release|Any CPU
	EndGlobalSection
	GlobalSection(SolutionProperties) = preSolution
		HideSolutionNode = FALSE
	EndGlobalSection
	GlobalSection(ExtensibilityGlobals) = postSolution
		SolutionGuid = {9DC1B03F-B244-4C15-B462-908EE01DA2BC}
	EndGlobalSection
EndGlobal
