
Microsoft Visual Studio Solution File, Format Version 12.00
# Visual Studio Version 16
VisualStudioVersion = 16.0.31702.278
MinimumVisualStudioVersion = 10.0.40219.1
Project("{FAE04EC0-301F-11D3-BF4B-00C04F79EFBC}") = "PUNTEN - GROEP B", "PUNTEN - GROEP B.csproj", "{5C64D42A-D524-44F9-AA92-819BE8BC417F}"
EndProject
Global
	GlobalSection(SolutionConfigurationPlatforms) = preSolution
		Debug|Any CPU = Debug|Any CPU
		Release|Any CPU = Release|Any CPU
	EndGlobalSection
	GlobalSection(ProjectConfigurationPlatforms) = postSolution
		{5C64D42A-D524-44F9-AA92-819BE8BC417F}.Debug|Any CPU.ActiveCfg = Debug|Any CPU
		{5C64D42A-D524-44F9-AA92-819BE8BC417F}.Debug|Any CPU.Build.0 = Debug|Any CPU
		{5C64D42A-D524-44F9-AA92-819BE8BC417F}.Release|Any CPU.ActiveCfg = Release|Any CPU
		{5C64D42A-D524-44F9-AA92-819BE8BC417F}.Release|Any CPU.Build.0 = Release|Any CPU
	EndGlobalSection
	GlobalSection(SolutionProperties) = preSolution
		HideSolutionNode = FALSE
	EndGlobalSection
	GlobalSection(ExtensibilityGlobals) = postSolution
		SolutionGuid = {34957C67-ED06-459B-B8AC-AE9CC9A9DF74}
	EndGlobalSection
EndGlobal
