
Microsoft Visual Studio Solution File, Format Version 12.00
# Visual Studio Version 16
VisualStudioVersion = 16.0.31702.278
MinimumVisualStudioVersion = 10.0.40219.1
Project("{FAE04EC0-301F-11D3-BF4B-00C04F79EFBC}") = "08 Test CodeGrade", "08 Test CodeGrade.csproj", "{37647841-7877-4C08-8E10-D3E98EF0D6E9}"
EndProject
Global
	GlobalSection(SolutionConfigurationPlatforms) = preSolution
		Debug|Any CPU = Debug|Any CPU
		Release|Any CPU = Release|Any CPU
	EndGlobalSection
	GlobalSection(ProjectConfigurationPlatforms) = postSolution
		{37647841-7877-4C08-8E10-D3E98EF0D6E9}.Debug|Any CPU.ActiveCfg = Debug|Any CPU
		{37647841-7877-4C08-8E10-D3E98EF0D6E9}.Debug|Any CPU.Build.0 = Debug|Any CPU
		{37647841-7877-4C08-8E10-D3E98EF0D6E9}.Release|Any CPU.ActiveCfg = Release|Any CPU
		{37647841-7877-4C08-8E10-D3E98EF0D6E9}.Release|Any CPU.Build.0 = Release|Any CPU
	EndGlobalSection
	GlobalSection(SolutionProperties) = preSolution
		HideSolutionNode = FALSE
	EndGlobalSection
	GlobalSection(ExtensibilityGlobals) = postSolution
		SolutionGuid = {A29751AD-987B-40DC-87DE-BA1C3CD7DC12}
	EndGlobalSection
EndGlobal
