
Microsoft Visual Studio Solution File, Format Version 12.00
# Visual Studio Version 17
VisualStudioVersion = 17.3.32825.248
MinimumVisualStudioVersion = 10.0.40219.1
Project("{FAE04EC0-301F-11D3-BF4B-00C04F79EFBC}") = "RAPUNZEL - IMS", "RAPUNZEL - IMS.csproj", "{30F2C300-BCD4-4B43-A9BA-D8A739BBAA87}"
EndProject
Global
	GlobalSection(SolutionConfigurationPlatforms) = preSolution
		Debug|Any CPU = Debug|Any CPU
		Release|Any CPU = Release|Any CPU
	EndGlobalSection
	GlobalSection(ProjectConfigurationPlatforms) = postSolution
		{30F2C300-BCD4-4B43-A9BA-D8A739BBAA87}.Debug|Any CPU.ActiveCfg = Debug|Any CPU
		{30F2C300-BCD4-4B43-A9BA-D8A739BBAA87}.Debug|Any CPU.Build.0 = Debug|Any CPU
		{30F2C300-BCD4-4B43-A9BA-D8A739BBAA87}.Release|Any CPU.ActiveCfg = Release|Any CPU
		{30F2C300-BCD4-4B43-A9BA-D8A739BBAA87}.Release|Any CPU.Build.0 = Release|Any CPU
	EndGlobalSection
	GlobalSection(SolutionProperties) = preSolution
		HideSolutionNode = FALSE
	EndGlobalSection
	GlobalSection(ExtensibilityGlobals) = postSolution
		SolutionGuid = {155FBF54-CFF9-4B12-87F5-F7D58C363F3A}
	EndGlobalSection
EndGlobal
