
Microsoft Visual Studio Solution File, Format Version 12.00
# Visual Studio Version 17
VisualStudioVersion = 17.3.32825.248
MinimumVisualStudioVersion = 10.0.40219.1
Project("{FAE04EC0-301F-11D3-BF4B-00C04F79EFBC}") = "Les 2", "Les 2.csproj", "{D707966F-A48E-4BF6-9EFD-F189119F1D5D}"
EndProject
Global
	GlobalSection(SolutionConfigurationPlatforms) = preSolution
		Debug|Any CPU = Debug|Any CPU
		Release|Any CPU = Release|Any CPU
	EndGlobalSection
	GlobalSection(ProjectConfigurationPlatforms) = postSolution
		{D707966F-A48E-4BF6-9EFD-F189119F1D5D}.Debug|Any CPU.ActiveCfg = Debug|Any CPU
		{D707966F-A48E-4BF6-9EFD-F189119F1D5D}.Debug|Any CPU.Build.0 = Debug|Any CPU
		{D707966F-A48E-4BF6-9EFD-F189119F1D5D}.Release|Any CPU.ActiveCfg = Release|Any CPU
		{D707966F-A48E-4BF6-9EFD-F189119F1D5D}.Release|Any CPU.Build.0 = Release|Any CPU
	EndGlobalSection
	GlobalSection(SolutionProperties) = preSolution
		HideSolutionNode = FALSE
	EndGlobalSection
	GlobalSection(ExtensibilityGlobals) = postSolution
		SolutionGuid = {8CB386C3-F82D-4145-BCAF-0E8610EAEA7A}
	EndGlobalSection
EndGlobal
