
Microsoft Visual Studio Solution File, Format Version 12.00
# Visual Studio Version 17
VisualStudioVersion = 17.3.32825.248
MinimumVisualStudioVersion = 10.0.40219.1
Project("{FAE04EC0-301F-11D3-BF4B-00C04F79EFBC}") = "DSPS - Yellow", "DSPS - Yellow.csproj", "{D0B51282-B919-4956-BB5C-2B9A78B62778}"
EndProject
Global
	GlobalSection(SolutionConfigurationPlatforms) = preSolution
		Debug|Any CPU = Debug|Any CPU
		Release|Any CPU = Release|Any CPU
	EndGlobalSection
	GlobalSection(ProjectConfigurationPlatforms) = postSolution
		{D0B51282-B919-4956-BB5C-2B9A78B62778}.Debug|Any CPU.ActiveCfg = Debug|Any CPU
		{D0B51282-B919-4956-BB5C-2B9A78B62778}.Debug|Any CPU.Build.0 = Debug|Any CPU
		{D0B51282-B919-4956-BB5C-2B9A78B62778}.Release|Any CPU.ActiveCfg = Release|Any CPU
		{D0B51282-B919-4956-BB5C-2B9A78B62778}.Release|Any CPU.Build.0 = Release|Any CPU
	EndGlobalSection
	GlobalSection(SolutionProperties) = preSolution
		HideSolutionNode = FALSE
	EndGlobalSection
	GlobalSection(ExtensibilityGlobals) = postSolution
		SolutionGuid = {2B4A8337-CF3F-4BD5-889E-BF1E1787013D}
	EndGlobalSection
EndGlobal
