
Microsoft Visual Studio Solution File, Format Version 12.00
# Visual Studio Version 16
VisualStudioVersion = 16.0.31702.278
MinimumVisualStudioVersion = 10.0.40219.1
Project("{FAE04EC0-301F-11D3-BF4B-00C04F79EFBC}") = "FIZZBUZZ - GROEP A", "FIZZBUZZ - GROEP A.csproj", "{64D0E82E-9748-4FB1-9246-53942A3C81C4}"
EndProject
Global
	GlobalSection(SolutionConfigurationPlatforms) = preSolution
		Debug|Any CPU = Debug|Any CPU
		Release|Any CPU = Release|Any CPU
	EndGlobalSection
	GlobalSection(ProjectConfigurationPlatforms) = postSolution
		{64D0E82E-9748-4FB1-9246-53942A3C81C4}.Debug|Any CPU.ActiveCfg = Debug|Any CPU
		{64D0E82E-9748-4FB1-9246-53942A3C81C4}.Debug|Any CPU.Build.0 = Debug|Any CPU
		{64D0E82E-9748-4FB1-9246-53942A3C81C4}.Release|Any CPU.ActiveCfg = Release|Any CPU
		{64D0E82E-9748-4FB1-9246-53942A3C81C4}.Release|Any CPU.Build.0 = Release|Any CPU
	EndGlobalSection
	GlobalSection(SolutionProperties) = preSolution
		HideSolutionNode = FALSE
	EndGlobalSection
	GlobalSection(ExtensibilityGlobals) = postSolution
		SolutionGuid = {E1D75763-1109-4092-B271-B465D66835D4}
	EndGlobalSection
EndGlobal
