
Microsoft Visual Studio Solution File, Format Version 12.00
# Visual Studio Version 16
VisualStudioVersion = 16.0.29509.3
MinimumVisualStudioVersion = 10.0.40219.1
Project("{FAE04EC0-301F-11D3-BF4B-00C04F79EFBC}") = "Arrays-IMS", "Arrays-IMS.csproj", "{FD7EA11E-6C31-42F4-852C-8981D7F2933E}"
EndProject
Global
	GlobalSection(SolutionConfigurationPlatforms) = preSolution
		Debug|Any CPU = Debug|Any CPU
		Release|Any CPU = Release|Any CPU
	EndGlobalSection
	GlobalSection(ProjectConfigurationPlatforms) = postSolution
		{FD7EA11E-6C31-42F4-852C-8981D7F2933E}.Debug|Any CPU.ActiveCfg = Debug|Any CPU
		{FD7EA11E-6C31-42F4-852C-8981D7F2933E}.Debug|Any CPU.Build.0 = Debug|Any CPU
		{FD7EA11E-6C31-42F4-852C-8981D7F2933E}.Release|Any CPU.ActiveCfg = Release|Any CPU
		{FD7EA11E-6C31-42F4-852C-8981D7F2933E}.Release|Any CPU.Build.0 = Release|Any CPU
	EndGlobalSection
	GlobalSection(SolutionProperties) = preSolution
		HideSolutionNode = FALSE
	EndGlobalSection
	GlobalSection(ExtensibilityGlobals) = postSolution
		SolutionGuid = {A162A5A5-AD6B-40A6-A361-7CE4A86571ED}
	EndGlobalSection
EndGlobal
