
Microsoft Visual Studio Solution File, Format Version 12.00
# Visual Studio Version 17
VisualStudioVersion = 17.3.32825.248
MinimumVisualStudioVersion = 10.0.40219.1
Project("{FAE04EC0-301F-11D3-BF4B-00C04F79EFBC}") = "DONKEY - DSPS", "DONKEY - DSPS.csproj", "{46C646C8-2F5B-460A-A6C6-6B0A569A6A4C}"
EndProject
Global
	GlobalSection(SolutionConfigurationPlatforms) = preSolution
		Debug|Any CPU = Debug|Any CPU
		Release|Any CPU = Release|Any CPU
	EndGlobalSection
	GlobalSection(ProjectConfigurationPlatforms) = postSolution
		{46C646C8-2F5B-460A-A6C6-6B0A569A6A4C}.Debug|Any CPU.ActiveCfg = Debug|Any CPU
		{46C646C8-2F5B-460A-A6C6-6B0A569A6A4C}.Debug|Any CPU.Build.0 = Debug|Any CPU
		{46C646C8-2F5B-460A-A6C6-6B0A569A6A4C}.Release|Any CPU.ActiveCfg = Release|Any CPU
		{46C646C8-2F5B-460A-A6C6-6B0A569A6A4C}.Release|Any CPU.Build.0 = Release|Any CPU
	EndGlobalSection
	GlobalSection(SolutionProperties) = preSolution
		HideSolutionNode = FALSE
	EndGlobalSection
	GlobalSection(ExtensibilityGlobals) = postSolution
		SolutionGuid = {1660A74B-352A-4152-8893-52CC88FBE323}
	EndGlobalSection
EndGlobal
