
Microsoft Visual Studio Solution File, Format Version 12.00
# Visual Studio Version 16
VisualStudioVersion = 16.0.31911.196
MinimumVisualStudioVersion = 10.0.40219.1
Project("{FAE04EC0-301F-11D3-BF4B-00C04F79EFBC}") = "BLAD STEEN SCHAAR - IMSA", "BLAD STEEN SCHAAR - IMSA.csproj", "{A0A95FE9-6FB0-4EFF-BB19-6658B1450087}"
EndProject
Global
	GlobalSection(SolutionConfigurationPlatforms) = preSolution
		Debug|Any CPU = Debug|Any CPU
		Release|Any CPU = Release|Any CPU
	EndGlobalSection
	GlobalSection(ProjectConfigurationPlatforms) = postSolution
		{A0A95FE9-6FB0-4EFF-BB19-6658B1450087}.Debug|Any CPU.ActiveCfg = Debug|Any CPU
		{A0A95FE9-6FB0-4EFF-BB19-6658B1450087}.Debug|Any CPU.Build.0 = Debug|Any CPU
		{A0A95FE9-6FB0-4EFF-BB19-6658B1450087}.Release|Any CPU.ActiveCfg = Release|Any CPU
		{A0A95FE9-6FB0-4EFF-BB19-6658B1450087}.Release|Any CPU.Build.0 = Release|Any CPU
	EndGlobalSection
	GlobalSection(SolutionProperties) = preSolution
		HideSolutionNode = FALSE
	EndGlobalSection
	GlobalSection(ExtensibilityGlobals) = postSolution
		SolutionGuid = {261A6386-7861-431E-853A-E46513D26684}
	EndGlobalSection
EndGlobal
