
Microsoft Visual Studio Solution File, Format Version 12.00
# Visual Studio Version 17
VisualStudioVersion = 17.3.32825.248
MinimumVisualStudioVersion = 10.0.40219.1
Project("{FAE04EC0-301F-11D3-BF4B-00C04F79EFBC}") = "03 Case (test codegrade) - DSPS", "03 Case (test codegrade) - DSPS.csproj", "{DF043538-363F-4597-8BC0-B2CA6BE1FFDD}"
EndProject
Global
	GlobalSection(SolutionConfigurationPlatforms) = preSolution
		Debug|Any CPU = Debug|Any CPU
		Release|Any CPU = Release|Any CPU
	EndGlobalSection
	GlobalSection(ProjectConfigurationPlatforms) = postSolution
		{DF043538-363F-4597-8BC0-B2CA6BE1FFDD}.Debug|Any CPU.ActiveCfg = Debug|Any CPU
		{DF043538-363F-4597-8BC0-B2CA6BE1FFDD}.Debug|Any CPU.Build.0 = Debug|Any CPU
		{DF043538-363F-4597-8BC0-B2CA6BE1FFDD}.Release|Any CPU.ActiveCfg = Release|Any CPU
		{DF043538-363F-4597-8BC0-B2CA6BE1FFDD}.Release|Any CPU.Build.0 = Release|Any CPU
	EndGlobalSection
	GlobalSection(SolutionProperties) = preSolution
		HideSolutionNode = FALSE
	EndGlobalSection
	GlobalSection(ExtensibilityGlobals) = postSolution
		SolutionGuid = {70378F59-5DB3-4EBC-916D-D67CD778618E}
	EndGlobalSection
EndGlobal
