
Microsoft Visual Studio Solution File, Format Version 12.00
# Visual Studio Version 16
VisualStudioVersion = 16.0.29509.3
MinimumVisualStudioVersion = 10.0.40219.1
Project("{FAE04EC0-301F-11D3-BF4B-00C04F79EFBC}") = "Loops-IMS", "Loops-IMS.csproj", "{4B0EB9FF-F964-475F-9D43-A2C36650C4AC}"
EndProject
Global
	GlobalSection(SolutionConfigurationPlatforms) = preSolution
		Debug|Any CPU = Debug|Any CPU
		Release|Any CPU = Release|Any CPU
	EndGlobalSection
	GlobalSection(ProjectConfigurationPlatforms) = postSolution
		{4B0EB9FF-F964-475F-9D43-A2C36650C4AC}.Debug|Any CPU.ActiveCfg = Debug|Any CPU
		{4B0EB9FF-F964-475F-9D43-A2C36650C4AC}.Debug|Any CPU.Build.0 = Debug|Any CPU
		{4B0EB9FF-F964-475F-9D43-A2C36650C4AC}.Release|Any CPU.ActiveCfg = Release|Any CPU
		{4B0EB9FF-F964-475F-9D43-A2C36650C4AC}.Release|Any CPU.Build.0 = Release|Any CPU
	EndGlobalSection
	GlobalSection(SolutionProperties) = preSolution
		HideSolutionNode = FALSE
	EndGlobalSection
	GlobalSection(ExtensibilityGlobals) = postSolution
		SolutionGuid = {7D38CDCC-B187-40C1-83A1-04F0046C7134}
	EndGlobalSection
EndGlobal
