
Microsoft Visual Studio Solution File, Format Version 12.00
# Visual Studio Version 17
VisualStudioVersion = 17.3.32825.248
MinimumVisualStudioVersion = 10.0.40219.1
Project("{FAE04EC0-301F-11D3-BF4B-00C04F79EFBC}") = "Variables - IMS", "Variables - IMS.csproj", "{717204D0-D057-4506-8EA5-113A6A7C81B6}"
EndProject
Global
	GlobalSection(SolutionConfigurationPlatforms) = preSolution
		Debug|Any CPU = Debug|Any CPU
		Release|Any CPU = Release|Any CPU
	EndGlobalSection
	GlobalSection(ProjectConfigurationPlatforms) = postSolution
		{717204D0-D057-4506-8EA5-113A6A7C81B6}.Debug|Any CPU.ActiveCfg = Debug|Any CPU
		{717204D0-D057-4506-8EA5-113A6A7C81B6}.Debug|Any CPU.Build.0 = Debug|Any CPU
		{717204D0-D057-4506-8EA5-113A6A7C81B6}.Release|Any CPU.ActiveCfg = Release|Any CPU
		{717204D0-D057-4506-8EA5-113A6A7C81B6}.Release|Any CPU.Build.0 = Release|Any CPU
	EndGlobalSection
	GlobalSection(SolutionProperties) = preSolution
		HideSolutionNode = FALSE
	EndGlobalSection
	GlobalSection(ExtensibilityGlobals) = postSolution
		SolutionGuid = {09A87F68-1825-41EC-910E-8E0F2F86FF3C}
	EndGlobalSection
EndGlobal
