
Microsoft Visual Studio Solution File, Format Version 12.00
# Visual Studio Version 17
VisualStudioVersion = 17.3.32825.248
MinimumVisualStudioVersion = 10.0.40219.1
Project("{FAE04EC0-301F-11D3-BF4B-00C04F79EFBC}") = "BINAIR - IMS", "BINAIR - IMS.csproj", "{FEE28E92-2375-49A9-8294-8B0E8050E6CD}"
EndProject
Global
	GlobalSection(SolutionConfigurationPlatforms) = preSolution
		Debug|Any CPU = Debug|Any CPU
		Release|Any CPU = Release|Any CPU
	EndGlobalSection
	GlobalSection(ProjectConfigurationPlatforms) = postSolution
		{FEE28E92-2375-49A9-8294-8B0E8050E6CD}.Debug|Any CPU.ActiveCfg = Debug|Any CPU
		{FEE28E92-2375-49A9-8294-8B0E8050E6CD}.Debug|Any CPU.Build.0 = Debug|Any CPU
		{FEE28E92-2375-49A9-8294-8B0E8050E6CD}.Release|Any CPU.ActiveCfg = Release|Any CPU
		{FEE28E92-2375-49A9-8294-8B0E8050E6CD}.Release|Any CPU.Build.0 = Release|Any CPU
	EndGlobalSection
	GlobalSection(SolutionProperties) = preSolution
		HideSolutionNode = FALSE
	EndGlobalSection
	GlobalSection(ExtensibilityGlobals) = postSolution
		SolutionGuid = {7CC83496-BE95-48D2-8436-F002BF0E3817}
	EndGlobalSection
EndGlobal
