
Microsoft Visual Studio Solution File, Format Version 12.00
# Visual Studio Version 16
VisualStudioVersion = 16.0.31702.278
MinimumVisualStudioVersion = 10.0.40219.1
Project("{FAE04EC0-301F-11D3-BF4B-00C04F79EFBC}") = "JAGGED ARRAY - GROEP B", "JAGGED ARRAY - GROEP B.csproj", "{87934BA8-1C8E-424D-BCD5-F31B85583724}"
EndProject
Global
	GlobalSection(SolutionConfigurationPlatforms) = preSolution
		Debug|Any CPU = Debug|Any CPU
		Release|Any CPU = Release|Any CPU
	EndGlobalSection
	GlobalSection(ProjectConfigurationPlatforms) = postSolution
		{87934BA8-1C8E-424D-BCD5-F31B85583724}.Debug|Any CPU.ActiveCfg = Debug|Any CPU
		{87934BA8-1C8E-424D-BCD5-F31B85583724}.Debug|Any CPU.Build.0 = Debug|Any CPU
		{87934BA8-1C8E-424D-BCD5-F31B85583724}.Release|Any CPU.ActiveCfg = Release|Any CPU
		{87934BA8-1C8E-424D-BCD5-F31B85583724}.Release|Any CPU.Build.0 = Release|Any CPU
	EndGlobalSection
	GlobalSection(SolutionProperties) = preSolution
		HideSolutionNode = FALSE
	EndGlobalSection
	GlobalSection(ExtensibilityGlobals) = postSolution
		SolutionGuid = {829C68DE-E02C-497C-9185-34593E901E29}
	EndGlobalSection
EndGlobal
