
Microsoft Visual Studio Solution File, Format Version 12.00
# Visual Studio Version 17
VisualStudioVersion = 17.3.32825.248
MinimumVisualStudioVersion = 10.0.40219.1
Project("{FAE04EC0-301F-11D3-BF4B-00C04F79EFBC}") = "Case ( test coedegrade) - IMS", "Case ( test coedegrade) - IMS.csproj", "{756D6125-DCD9-4E45-B9FF-35E82D55DA55}"
EndProject
Global
	GlobalSection(SolutionConfigurationPlatforms) = preSolution
		Debug|Any CPU = Debug|Any CPU
		Release|Any CPU = Release|Any CPU
	EndGlobalSection
	GlobalSection(ProjectConfigurationPlatforms) = postSolution
		{756D6125-DCD9-4E45-B9FF-35E82D55DA55}.Debug|Any CPU.ActiveCfg = Debug|Any CPU
		{756D6125-DCD9-4E45-B9FF-35E82D55DA55}.Debug|Any CPU.Build.0 = Debug|Any CPU
		{756D6125-DCD9-4E45-B9FF-35E82D55DA55}.Release|Any CPU.ActiveCfg = Release|Any CPU
		{756D6125-DCD9-4E45-B9FF-35E82D55DA55}.Release|Any CPU.Build.0 = Release|Any CPU
	EndGlobalSection
	GlobalSection(SolutionProperties) = preSolution
		HideSolutionNode = FALSE
	EndGlobalSection
	GlobalSection(ExtensibilityGlobals) = postSolution
		SolutionGuid = {F220F00E-0C24-4E68-8F6F-431945229C61}
	EndGlobalSection
EndGlobal
