
Microsoft Visual Studio Solution File, Format Version 12.00
# Visual Studio Version 16
VisualStudioVersion = 16.0.30330.147
MinimumVisualStudioVersion = 10.0.40219.1
Project("{FAE04EC0-301F-11D3-BF4B-00C04F79EFBC}") = "03 Test CodeGrade", "03 Test CodeGrade.csproj", "{A29E9F08-0D93-4D5F-B49F-3B8086E6751B}"
EndProject
Global
	GlobalSection(SolutionConfigurationPlatforms) = preSolution
		Debug|Any CPU = Debug|Any CPU
		Release|Any CPU = Release|Any CPU
	EndGlobalSection
	GlobalSection(ProjectConfigurationPlatforms) = postSolution
		{A29E9F08-0D93-4D5F-B49F-3B8086E6751B}.Debug|Any CPU.ActiveCfg = Debug|Any CPU
		{A29E9F08-0D93-4D5F-B49F-3B8086E6751B}.Debug|Any CPU.Build.0 = Debug|Any CPU
		{A29E9F08-0D93-4D5F-B49F-3B8086E6751B}.Release|Any CPU.ActiveCfg = Release|Any CPU
		{A29E9F08-0D93-4D5F-B49F-3B8086E6751B}.Release|Any CPU.Build.0 = Release|Any CPU
	EndGlobalSection
	GlobalSection(SolutionProperties) = preSolution
		HideSolutionNode = FALSE
	EndGlobalSection
	GlobalSection(ExtensibilityGlobals) = postSolution
		SolutionGuid = {2C0C9474-87F4-4D9E-9770-358DA36E00F6}
	EndGlobalSection
EndGlobal
