
Microsoft Visual Studio Solution File, Format Version 12.00
# Visual Studio Version 16
VisualStudioVersion = 16.0.31911.196
MinimumVisualStudioVersion = 10.0.40219.1
Project("{FAE04EC0-301F-11D3-BF4B-00C04F79EFBC}") = "RGB - GROEP B", "RGB - GROEP B.csproj", "{BFDCF41D-2415-4550-8A36-0DCC933304F2}"
EndProject
Global
	GlobalSection(SolutionConfigurationPlatforms) = preSolution
		Debug|Any CPU = Debug|Any CPU
		Release|Any CPU = Release|Any CPU
	EndGlobalSection
	GlobalSection(ProjectConfigurationPlatforms) = postSolution
		{BFDCF41D-2415-4550-8A36-0DCC933304F2}.Debug|Any CPU.ActiveCfg = Debug|Any CPU
		{BFDCF41D-2415-4550-8A36-0DCC933304F2}.Debug|Any CPU.Build.0 = Debug|Any CPU
		{BFDCF41D-2415-4550-8A36-0DCC933304F2}.Release|Any CPU.ActiveCfg = Release|Any CPU
		{BFDCF41D-2415-4550-8A36-0DCC933304F2}.Release|Any CPU.Build.0 = Release|Any CPU
	EndGlobalSection
	GlobalSection(SolutionProperties) = preSolution
		HideSolutionNode = FALSE
	EndGlobalSection
	GlobalSection(ExtensibilityGlobals) = postSolution
		SolutionGuid = {A777F124-7AED-41B3-874A-D489BD2E7BAF}
	EndGlobalSection
EndGlobal
