
Microsoft Visual Studio Solution File, Format Version 12.00
# Visual Studio Version 17
VisualStudioVersion = 17.3.32825.248
MinimumVisualStudioVersion = 10.0.40219.1
Project("{FAE04EC0-301F-11D3-BF4B-00C04F79EFBC}") = "Variables - DSPS part 2", "Variables - DSPS part 2.csproj", "{FED178D1-3DF7-412A-AB64-64691A377222}"
EndProject
Global
	GlobalSection(SolutionConfigurationPlatforms) = preSolution
		Debug|Any CPU = Debug|Any CPU
		Release|Any CPU = Release|Any CPU
	EndGlobalSection
	GlobalSection(ProjectConfigurationPlatforms) = postSolution
		{FED178D1-3DF7-412A-AB64-64691A377222}.Debug|Any CPU.ActiveCfg = Debug|Any CPU
		{FED178D1-3DF7-412A-AB64-64691A377222}.Debug|Any CPU.Build.0 = Debug|Any CPU
		{FED178D1-3DF7-412A-AB64-64691A377222}.Release|Any CPU.ActiveCfg = Release|Any CPU
		{FED178D1-3DF7-412A-AB64-64691A377222}.Release|Any CPU.Build.0 = Release|Any CPU
	EndGlobalSection
	GlobalSection(SolutionProperties) = preSolution
		HideSolutionNode = FALSE
	EndGlobalSection
	GlobalSection(ExtensibilityGlobals) = postSolution
		SolutionGuid = {E75687B7-562B-4041-8E55-17130E2AA862}
	EndGlobalSection
EndGlobal
