
Microsoft Visual Studio Solution File, Format Version 12.00
# Visual Studio Version 16
VisualStudioVersion = 16.0.31702.278
MinimumVisualStudioVersion = 10.0.40219.1
Project("{FAE04EC0-301F-11D3-BF4B-00C04F79EFBC}") = "Variables - IMS B", "Variables - IMS B.csproj", "{59AB2037-813E-426E-BD34-08D0D629A00D}"
EndProject
Global
	GlobalSection(SolutionConfigurationPlatforms) = preSolution
		Debug|Any CPU = Debug|Any CPU
		Release|Any CPU = Release|Any CPU
	EndGlobalSection
	GlobalSection(ProjectConfigurationPlatforms) = postSolution
		{59AB2037-813E-426E-BD34-08D0D629A00D}.Debug|Any CPU.ActiveCfg = Debug|Any CPU
		{59AB2037-813E-426E-BD34-08D0D629A00D}.Debug|Any CPU.Build.0 = Debug|Any CPU
		{59AB2037-813E-426E-BD34-08D0D629A00D}.Release|Any CPU.ActiveCfg = Release|Any CPU
		{59AB2037-813E-426E-BD34-08D0D629A00D}.Release|Any CPU.Build.0 = Release|Any CPU
	EndGlobalSection
	GlobalSection(SolutionProperties) = preSolution
		HideSolutionNode = FALSE
	EndGlobalSection
	GlobalSection(ExtensibilityGlobals) = postSolution
		SolutionGuid = {7782A9DE-38F6-4F0F-AB0E-02DCE297AEB8}
	EndGlobalSection
EndGlobal
