
Microsoft Visual Studio Solution File, Format Version 12.00
# Visual Studio Version 16
VisualStudioVersion = 16.0.31702.278
MinimumVisualStudioVersion = 10.0.40219.1
Project("{FAE04EC0-301F-11D3-BF4B-00C04F79EFBC}") = "INPUT - GROEP B", "INPUT - GROEP B.csproj", "{6CC014F3-59C0-49D6-B22C-894380892437}"
EndProject
Global
	GlobalSection(SolutionConfigurationPlatforms) = preSolution
		Debug|Any CPU = Debug|Any CPU
		Release|Any CPU = Release|Any CPU
	EndGlobalSection
	GlobalSection(ProjectConfigurationPlatforms) = postSolution
		{6CC014F3-59C0-49D6-B22C-894380892437}.Debug|Any CPU.ActiveCfg = Debug|Any CPU
		{6CC014F3-59C0-49D6-B22C-894380892437}.Debug|Any CPU.Build.0 = Debug|Any CPU
		{6CC014F3-59C0-49D6-B22C-894380892437}.Release|Any CPU.ActiveCfg = Release|Any CPU
		{6CC014F3-59C0-49D6-B22C-894380892437}.Release|Any CPU.Build.0 = Release|Any CPU
	EndGlobalSection
	GlobalSection(SolutionProperties) = preSolution
		HideSolutionNode = FALSE
	EndGlobalSection
	GlobalSection(ExtensibilityGlobals) = postSolution
		SolutionGuid = {10210F66-F312-4CC0-882B-6F2CE6977ED6}
	EndGlobalSection
EndGlobal
