
Microsoft Visual Studio Solution File, Format Version 12.00
# Visual Studio Version 16
VisualStudioVersion = 16.0.30330.147
MinimumVisualStudioVersion = 10.0.40219.1
Project("{FAE04EC0-301F-11D3-BF4B-00C04F79EFBC}") = "XOR - GROEP B", "XOR - GROEP B\XOR - GROEP B.csproj", "{FFCA7790-6625-44FF-9D84-1C9953D68617}"
EndProject
Global
	GlobalSection(SolutionConfigurationPlatforms) = preSolution
		Debug|Any CPU = Debug|Any CPU
		Release|Any CPU = Release|Any CPU
	EndGlobalSection
	GlobalSection(ProjectConfigurationPlatforms) = postSolution
		{FFCA7790-6625-44FF-9D84-1C9953D68617}.Debug|Any CPU.ActiveCfg = Debug|Any CPU
		{FFCA7790-6625-44FF-9D84-1C9953D68617}.Debug|Any CPU.Build.0 = Debug|Any CPU
		{FFCA7790-6625-44FF-9D84-1C9953D68617}.Release|Any CPU.ActiveCfg = Release|Any CPU
		{FFCA7790-6625-44FF-9D84-1C9953D68617}.Release|Any CPU.Build.0 = Release|Any CPU
	EndGlobalSection
	GlobalSection(SolutionProperties) = preSolution
		HideSolutionNode = FALSE
	EndGlobalSection
	GlobalSection(ExtensibilityGlobals) = postSolution
		SolutionGuid = {E970421B-EA04-4881-9F8E-3A4A14C1E37D}
	EndGlobalSection
EndGlobal
