
Microsoft Visual Studio Solution File, Format Version 12.00
# Visual Studio Version 17
VisualStudioVersion = 17.3.32825.248
MinimumVisualStudioVersion = 10.0.40219.1
Project("{FAE04EC0-301F-11D3-BF4B-00C04F79EFBC}") = "Tmorrow land - DSPS", "Tmorrow land - DSPS.csproj", "{DB2E3AF4-9FBD-4260-B7DF-A47A02941AE8}"
EndProject
Global
	GlobalSection(SolutionConfigurationPlatforms) = preSolution
		Debug|Any CPU = Debug|Any CPU
		Release|Any CPU = Release|Any CPU
	EndGlobalSection
	GlobalSection(ProjectConfigurationPlatforms) = postSolution
		{DB2E3AF4-9FBD-4260-B7DF-A47A02941AE8}.Debug|Any CPU.ActiveCfg = Debug|Any CPU
		{DB2E3AF4-9FBD-4260-B7DF-A47A02941AE8}.Debug|Any CPU.Build.0 = Debug|Any CPU
		{DB2E3AF4-9FBD-4260-B7DF-A47A02941AE8}.Release|Any CPU.ActiveCfg = Release|Any CPU
		{DB2E3AF4-9FBD-4260-B7DF-A47A02941AE8}.Release|Any CPU.Build.0 = Release|Any CPU
	EndGlobalSection
	GlobalSection(SolutionProperties) = preSolution
		HideSolutionNode = FALSE
	EndGlobalSection
	GlobalSection(ExtensibilityGlobals) = postSolution
		SolutionGuid = {7B7A4A2E-B218-4CC4-825F-6C3D880803C6}
	EndGlobalSection
EndGlobal
