
Microsoft Visual Studio Solution File, Format Version 12.00
# Visual Studio Version 16
VisualStudioVersion = 16.0.30621.155
MinimumVisualStudioVersion = 10.0.40219.1
Project("{FAE04EC0-301F-11D3-BF4B-00C04F79EFBC}") = "Collections-IMS", "Collections-IMS.csproj", "{DF595270-62FE-4A3E-9C3E-C21C0792DEAD}"
EndProject
Global
	GlobalSection(SolutionConfigurationPlatforms) = preSolution
		Debug|Any CPU = Debug|Any CPU
		Release|Any CPU = Release|Any CPU
	EndGlobalSection
	GlobalSection(ProjectConfigurationPlatforms) = postSolution
		{DF595270-62FE-4A3E-9C3E-C21C0792DEAD}.Debug|Any CPU.ActiveCfg = Debug|Any CPU
		{DF595270-62FE-4A3E-9C3E-C21C0792DEAD}.Debug|Any CPU.Build.0 = Debug|Any CPU
		{DF595270-62FE-4A3E-9C3E-C21C0792DEAD}.Release|Any CPU.ActiveCfg = Release|Any CPU
		{DF595270-62FE-4A3E-9C3E-C21C0792DEAD}.Release|Any CPU.Build.0 = Release|Any CPU
	EndGlobalSection
	GlobalSection(SolutionProperties) = preSolution
		HideSolutionNode = FALSE
	EndGlobalSection
	GlobalSection(ExtensibilityGlobals) = postSolution
		SolutionGuid = {A089385B-C24A-44D0-B9F9-645156C154D9}
	EndGlobalSection
EndGlobal
