
Microsoft Visual Studio Solution File, Format Version 12.00
# Visual Studio Version 16
VisualStudioVersion = 16.0.30621.155
MinimumVisualStudioVersion = 10.0.40219.1
Project("{FAE04EC0-301F-11D3-BF4B-00C04F79EFBC}") = "OO-IMS", "OO-IMS.csproj", "{7E0B993A-495D-439E-8479-74C6A8988B1F}"
EndProject
Global
	GlobalSection(SolutionConfigurationPlatforms) = preSolution
		Debug|Any CPU = Debug|Any CPU
		Release|Any CPU = Release|Any CPU
	EndGlobalSection
	GlobalSection(ProjectConfigurationPlatforms) = postSolution
		{7E0B993A-495D-439E-8479-74C6A8988B1F}.Debug|Any CPU.ActiveCfg = Debug|Any CPU
		{7E0B993A-495D-439E-8479-74C6A8988B1F}.Debug|Any CPU.Build.0 = Debug|Any CPU
		{7E0B993A-495D-439E-8479-74C6A8988B1F}.Release|Any CPU.ActiveCfg = Release|Any CPU
		{7E0B993A-495D-439E-8479-74C6A8988B1F}.Release|Any CPU.Build.0 = Release|Any CPU
	EndGlobalSection
	GlobalSection(SolutionProperties) = preSolution
		HideSolutionNode = FALSE
	EndGlobalSection
	GlobalSection(ExtensibilityGlobals) = postSolution
		SolutionGuid = {8AEB961D-24FE-4150-87D9-AA55B5670959}
	EndGlobalSection
EndGlobal
